PODS:
  - Flutter (1.0.0)
  - flutter_inappwebview_ios (0.0.1):
    - Flutter
    - flutter_inappwebview_ios/Core (= 0.0.1)
    - OrderedSet (~> 6.0.3)
  - flutter_inappwebview_ios/Core (0.0.1):
    - Flutter
    - OrderedSet (~> 6.0.3)
  - flutter_local_notifications (0.0.1):
    - Flutter
  - fluttertoast (0.0.2):
    - Flutter
  - open_file_ios (1.0.3):
    - Flutter
  - OrderedSet (6.0.3)
  - phonepe_payment_sdk (2.0.3):
    - Flutter
    - PhonePePayment (= 3.0.3)
  - PhonePePayment (3.0.3)

DEPENDENCIES:
  - Flutter (from `Flutter`)
  - flutter_inappwebview_ios (from `.symlinks/plugins/flutter_inappwebview_ios/ios`)
  - flutter_local_notifications (from `.symlinks/plugins/flutter_local_notifications/ios`)
  - fluttertoast (from `.symlinks/plugins/fluttertoast/ios`)
  - open_file_ios (from `.symlinks/plugins/open_file_ios/ios`)
  - phonepe_payment_sdk (from `.symlinks/plugins/phonepe_payment_sdk/ios`)

SPEC REPOS:
  trunk:
    - OrderedSet
    - PhonePePayment

EXTERNAL SOURCES:
  Flutter:
    :path: Flutter
  flutter_inappwebview_ios:
    :path: ".symlinks/plugins/flutter_inappwebview_ios/ios"
  flutter_local_notifications:
    :path: ".symlinks/plugins/flutter_local_notifications/ios"
  fluttertoast:
    :path: ".symlinks/plugins/fluttertoast/ios"
  open_file_ios:
    :path: ".symlinks/plugins/open_file_ios/ios"
  phonepe_payment_sdk:
    :path: ".symlinks/plugins/phonepe_payment_sdk/ios"

SPEC CHECKSUMS:
  Flutter: cabc95a1d2626b1b06e7179b784ebcf0c0cde467
  flutter_inappwebview_ios: b89ba3482b96fb25e00c967aae065701b66e9b99
  flutter_local_notifications: 395056b3175ba4f08480a7c5de30cd36d69827e4
  fluttertoast: 2c67e14dce98bbdb200df9e1acf610d7a6264ea1
  open_file_ios: 46184d802ee7959203f6392abcfa0dd49fdb5be0
  OrderedSet: e539b66b644ff081c73a262d24ad552a69be3a94
  phonepe_payment_sdk: 957daecbd66abdc184210379f8582597b354addb
  PhonePePayment: 5a37a381127bfdd635b3a85123ad96a421288b2a

PODFILE CHECKSUM: 3c63482e143d1b91d2d2560aee9fb04ecc74ac7e

COCOAPODS: 1.16.2
